{
  "name": "@pickbitsai/company-os",
  "version": "0.1.0",
  "lockfileVersion": 3,
  "requires": true,
  "packages": {
    "": {
      "name": "@pickbitsai/company-os",
      "version": "0.1.0",
      "license": "MIT",
      "bin": {
        "company-os": "bin/company-os.mjs"
      },
      "engines": {
        "node": ">=18"
      },
      "peerDependencies": {
        "enview": ">=0.2.0"
      },
      "peerDependenciesMeta": {
        "enview": {
          "optional": true
        }
      }
    }
  }
}
